{
  "version": 1,
  "dependencies": {
    ".NETStandard,Version=v2.0": {
      "CrispyWaffle": {
        "type": "Direct",
        "requested": "[10.0.788, )",
        "resolved": "10.0.788",
        "contentHash": "D8cdNhB7o9RaCRuZKt7QjaGXEbPsZiQsQF+Hfl2z72At6/88nYFjk5wfz8G+Vkh0mINczggRRfRHtJ9hkSaw2w==",
        "dependencies": {
          "Newtonsoft.Json": "13.0.3",
          "System.Security.Permissions": "9.0.9",
          "System.Text.Json": "9.0.9"
        }
      },
      "NETStandard.Library": {
        "type": "Direct",
        "requested": "[2.0.3, )",
        "resolved": "2.0.3",
        "contentHash": "st47PosZSHrjECdjeIzZQbzivYBJFv6P2nv4cj2ypdI204DO+vZ7l5raGMiX4eXMJ53RfOIg+/s4DHVZ54Nu2A==",
        "dependencies": {
          "Microsoft.NETCore.Platforms": "1.1.0"
        }
      },
      "Sankhya": {
        "type": "Direct",
        "requested": "[5.0.483, )",
        "resolved": "5.0.483",
        "contentHash": "NYRgbT66eGRFYNXdLMCsgnm62DHrYNRzZpNUhgbFbGVPWjtlbRpUt5q7sxOQ0ysMk7udHM74LEKhk0OCo937rQ==",
        "dependencies": {
          "CrispyWaffle": "10.0.788",
          "CrispyWaffle.Configuration": "10.0.788",
          "Microsoft.AspNet.WebApi.Client": "6.0.0",
          "Microsoft.CSharp": "4.7.0",
          "Newtonsoft.Json": "13.0.3",
          "System.Text.RegularExpressions": "4.3.1",
          "System.Threading.Tasks.Extensions": "4.6.3"
        }
      },
      "CrispyWaffle.Configuration": {
        "type": "Transitive",
        "resolved": "10.0.788",
        "contentHash": "+YM/GIsSLVRjaLA9N0B+SsltYh8zrHD9EKCHK9rjfV6cCitLeVk/ATcQgDaW9IupJF2i2wuJtOMOCsT0G6ewcw==",
        "dependencies": {
          "CrispyWaffle": "10.0.788"
        }
      },
      "Microsoft.AspNet.WebApi.Client": {
        "type": "Transitive",
        "resolved": "6.0.0",
        "contentHash": "zXeWP03dTo67AoDHUzR+/urck0KFssdCKOC+dq7Nv1V2YbFh/nIg09L0/3wSvyRONEdwxGB/ssEGmPNIIhAcAw==",
        "dependencies": {
          "Newtonsoft.Json": "13.0.1",
          "Newtonsoft.Json.Bson": "1.0.2",
          "System.Memory": "4.5.5",
          "System.Threading.Tasks.Extensions": "4.5.4"
        }
      },
      "Microsoft.Bcl.AsyncInterfaces": {
        "type": "Transitive",
        "resolved": "9.0.9",
        "contentHash": "HVLnwIccvmsAySQM8N8q468DA/W/OddDB6deWXZDF0VPOwZ0utnm0aErfX4LnNVnsThtoPyVH0kCPPcitGcUdQ==",
        "dependencies": {
          "System.Threading.Tasks.Extensions": "4.5.4"
        }
      },
      "Microsoft.CSharp": {
        "type": "Transitive",
        "resolved": "4.7.0",
        "contentHash": "pTj+D3uJWyN3My70i2Hqo+OXixq3Os2D1nJ2x92FFo6sk8fYS1m1WLNTs0Dc1uPaViH0YvEEwvzddQ7y4rhXmA=="
      },
      "Microsoft.NETCore.Platforms": {
        "type": "Transitive",
        "resolved": "1.1.1",
        "contentHash": "TMBuzAHpTenGbGgk0SMTwyEkyijY/Eae4ZGsFNYJvAr/LDn1ku3Etp3FPxChmDp5HHF3kzJuoaa08N0xjqAJfQ=="
      },
      "Microsoft.NETCore.Targets": {
        "type": "Transitive",
        "resolved": "1.1.3",
        "contentHash": "3Wrmi0kJDzClwAC+iBdUBpEKmEle8FQNsCs77fkiOIw/9oYA07bL1EZNX0kQ2OMN3xpwvl0vAtOCYY3ndDNlhQ=="
      },
      "Newtonsoft.Json": {
        "type": "Transitive",
        "resolved": "13.0.3",
        "contentHash": "HrC5BXdl00IP9zeV+0Z848QWPAoCr9P3bDEZguI+gkLcBKAOxix/tLEAAHC+UvDNPv4a2d18lOReHMOagPa+zQ=="
      },
      "Newtonsoft.Json.Bson": {
        "type": "Transitive",
        "resolved": "1.0.2",
        "contentHash": "QYFyxhaABwmq3p/21VrZNYvCg3DaEoN/wUuw5nmfAf0X3HLjgupwhkEWdgfb9nvGAUIv3osmZoD3kKl4jxEmYQ==",
        "dependencies": {
          "Newtonsoft.Json": "12.0.1"
        }
      },
      "System.Buffers": {
        "type": "Transitive",
        "resolved": "4.5.1",
        "contentHash": "Rw7ijyl1qqRS0YQD/WycNst8hUUMgrMH4FCn1nNm27M4VxchZ1js3fVjQaANHO5f3sN4isvP4a+Met9Y4YomAg=="
      },
      "System.Collections": {
        "type": "Transitive",
        "resolved": "4.3.0",
        "contentHash": "3Dcj85/TBdVpL5Zr+gEEBUuFe2icOnLalmEh9hfck1PTYbbyWuZgh4fmm2ysCLTrqLQw6t3TgTyJ+VLp+Qb+Lw==",
        "dependencies": {
          "Microsoft.NETCore.Platforms": "1.1.0",
          "Microsoft.NETCore.Targets": "1.1.0",
          "System.Runtime": "4.3.0"
        }
      },
      "System.Globalization": {
        "type": "Transitive",
        "resolved": "4.3.0",
        "contentHash": "kYdVd2f2PAdFGblzFswE4hkNANJBKRmsfa2X5LG2AcWE1c7/4t0pYae1L8vfZ5xvE2nK/R9JprtToA61OSHWIg==",
        "dependencies": {
          "Microsoft.NETCore.Platforms": "1.1.0",
          "Microsoft.NETCore.Targets": "1.1.0",
          "System.Runtime": "4.3.0"
        }
      },
      "System.IO": {
        "type": "Transitive",
        "resolved": "4.3.0",
        "contentHash": "3qjaHvxQPDpSOYICjUoTsmoq5u6QJAFRUITgeT/4gqkF1bajbSmb1kwSxEA8AHlofqgcKJcM8udgieRNhaJ5Cg==",
        "dependencies": {
          "Microsoft.NETCore.Platforms": "1.1.0",
          "Microsoft.NETCore.Targets": "1.1.0",
          "System.Runtime": "4.3.0",
          "System.Text.Encoding": "4.3.0",
          "System.Threading.Tasks": "4.3.0"
        }
      },
      "System.IO.Pipelines": {
        "type": "Transitive",
        "resolved": "9.0.9",
        "contentHash": "VySjpsCLprojvat550Flrm3NQB982CPuDzILajqjQihFmrQXZPdQyktIbcpVPJyaExFYtAfY1DpwMdWQuS0kbw==",
        "dependencies": {
          "System.Buffers": "4.5.1",
          "System.Memory": "4.5.5",
          "System.Threading.Tasks.Extensions": "4.5.4"
        }
      },
      "System.Memory": {
        "type": "Transitive",
        "resolved": "4.5.5",
        "contentHash": "XIWiDvKPXaTveaB7HVganDlOCRoj03l+jrwNvcge/t8vhGYKvqV+dMv6G4SAX2NoNmN0wZfVPTAlFwZcZvVOUw==",
        "dependencies": {
          "System.Buffers": "4.5.1",
          "System.Numerics.Vectors": "4.4.0",
          "System.Runtime.CompilerServices.Unsafe": "4.5.3"
        }
      },
      "System.Numerics.Vectors": {
        "type": "Transitive",
        "resolved": "4.4.0",
        "contentHash": "UiLzLW+Lw6HLed1Hcg+8jSRttrbuXv7DANVj0DkL9g6EnnzbL75EB7EWsw5uRbhxd/4YdG8li5XizGWepmG3PQ=="
      },
      "System.Reflection": {
        "type": "Transitive",
        "resolved": "4.3.0",
        "contentHash": "KMiAFoW7MfJGa9nDFNcfu+FpEdiHpWgTcS2HdMpDvt9saK3y/G4GwprPyzqjFH9NTaGPQeWNHU+iDlDILj96aQ==",
        "dependencies": {
          "Microsoft.NETCore.Platforms": "1.1.0",
          "Microsoft.NETCore.Targets": "1.1.0",
          "System.IO": "4.3.0",
          "System.Reflection.Primitives": "4.3.0",
          "System.Runtime": "4.3.0"
        }
      },
      "System.Reflection.Primitives": {
        "type": "Transitive",
        "resolved": "4.3.0",
        "contentHash": "5RXItQz5As4xN2/YUDxdpsEkMhvw3e6aNveFXUn4Hl/udNTCNhnKp8lT9fnc3MhvGKh1baak5CovpuQUXHAlIA==",
        "dependencies": {
          "Microsoft.NETCore.Platforms": "1.1.0",
          "Microsoft.NETCore.Targets": "1.1.0",
          "System.Runtime": "4.3.0"
        }
      },
      "System.Resources.ResourceManager": {
        "type": "Transitive",
        "resolved": "4.3.0",
        "contentHash": "/zrcPkkWdZmI4F92gL/TPumP98AVDu/Wxr3CSJGQQ+XN6wbRZcyfSKVoPo17ilb3iOr0cCRqJInGwNMolqhS8A==",
        "dependencies": {
          "Microsoft.NETCore.Platforms": "1.1.0",
          "Microsoft.NETCore.Targets": "1.1.0",
          "System.Globalization": "4.3.0",
          "System.Reflection": "4.3.0",
          "System.Runtime": "4.3.0"
        }
      },
      "System.Runtime": {
        "type": "Transitive",
        "resolved": "4.3.1",
        "contentHash": "abhfv1dTK6NXOmu4bgHIONxHyEqFjW8HwXPmpY9gmll+ix9UNo4XDcmzJn6oLooftxNssVHdJC1pGT9jkSynQg==",
        "dependencies": {
          "Microsoft.NETCore.Platforms": "1.1.1",
          "Microsoft.NETCore.Targets": "1.1.3"
        }
      },
      "System.Runtime.CompilerServices.Unsafe": {
        "type": "Transitive",
        "resolved": "6.1.2",
        "contentHash": "2hBr6zdbIBTDE3EhK7NSVNdX58uTK6iHW/P/Axmm9sl1xoGSLqDvMtpecn226TNwHByFokYwJmt/aQQNlO5CRw=="
      },
      "System.Runtime.Extensions": {
        "type": "Transitive",
        "resolved": "4.3.1",
        "contentHash": "qAtKMcHOAq9/zKkl0dwvF0T0pmgCQxX1rC49rJXoU8jq+lw6MC3uXy7nLFmjEI20T3Aq069eWz4LcYR64vEmJw==",
        "dependencies": {
          "Microsoft.NETCore.Platforms": "1.1.1",
          "Microsoft.NETCore.Targets": "1.1.3",
          "System.Runtime": "4.3.1"
        }
      },
      "System.Security.AccessControl": {
        "type": "Transitive",
        "resolved": "6.0.0",
        "contentHash": "AUADIc0LIEQe7MzC+I0cl0rAT8RrTAKFHl53yHjEUzNVIaUlhFY11vc2ebiVJzVBuOzun6F7FBA+8KAbGTTedQ==",
        "dependencies": {
          "System.Security.Principal.Windows": "5.0.0"
        }
      },
      "System.Security.Permissions": {
        "type": "Transitive",
        "resolved": "9.0.9",
        "contentHash": "lcR3y9wHLYK8fPMv8VsSj1/FCn2TdnN9lwQFrW+HQ8u4xJ9QMsys/xSE3+z9GCy7C11/HTsXuj4pFgLH7kQLaA==",
        "dependencies": {
          "System.Security.AccessControl": "6.0.0"
        }
      },
      "System.Security.Principal.Windows": {
        "type": "Transitive",
        "resolved": "5.0.0",
        "contentHash": "t0MGLukB5WAVU9bO3MGzvlGnyJPgUlcwerXn1kzBRjwLKixT96XV0Uza41W49gVd8zEMFu9vQEFlv0IOrytICA=="
      },
      "System.Text.Encoding": {
        "type": "Transitive",
        "resolved": "4.3.0",
        "contentHash": "BiIg+KWaSDOITze6jGQynxg64naAPtqGHBwDrLaCtixsa5bKiR8dpPOHA7ge3C0JJQizJE+sfkz1wV+BAKAYZw==",
        "dependencies": {
          "Microsoft.NETCore.Platforms": "1.1.0",
          "Microsoft.NETCore.Targets": "1.1.0",
          "System.Runtime": "4.3.0"
        }
      },
      "System.Text.Encodings.Web": {
        "type": "Transitive",
        "resolved": "9.0.9",
        "contentHash": "bzYTmAcmfelUOCBxvbgsfSr2tq94ydA2gJZAxZRcuNa0LlmlVz8JNHst6RG1qsDujyVYT4vjv06y8sCLbvCXdg==",
        "dependencies": {
          "System.Buffers": "4.5.1",
          "System.Memory": "4.5.5",
          "System.Runtime.CompilerServices.Unsafe": "6.0.0"
        }
      },
      "System.Text.Json": {
        "type": "Transitive",
        "resolved": "9.0.9",
        "contentHash": "NEnpppwq67fRz/OvQRxsEMgetDJsxlxpEsAFO/4PZYbAyAMd4Ol6KS7phc8uDoKPsnbdzRLKobpX303uQwCqdg==",
        "dependencies": {
          "Microsoft.Bcl.AsyncInterfaces": "9.0.9",
          "System.Buffers": "4.5.1",
          "System.IO.Pipelines": "9.0.9",
          "System.Memory": "4.5.5",
          "System.Runtime.CompilerServices.Unsafe": "6.0.0",
          "System.Text.Encodings.Web": "9.0.9",
          "System.Threading.Tasks.Extensions": "4.5.4"
        }
      },
      "System.Text.RegularExpressions": {
        "type": "Transitive",
        "resolved": "4.3.1",
        "contentHash": "N0kNRrWe4+nXOWlpLT4LAY5brb8caNFlUuIRpraCVMDLYutKkol1aV079rQjLuSxKMJT2SpBQsYX9xbcTMmzwg==",
        "dependencies": {
          "System.Collections": "4.3.0",
          "System.Globalization": "4.3.0",
          "System.Resources.ResourceManager": "4.3.0",
          "System.Runtime": "4.3.1",
          "System.Runtime.Extensions": "4.3.1",
          "System.Threading": "4.3.0"
        }
      },
      "System.Threading": {
        "type": "Transitive",
        "resolved": "4.3.0",
        "contentHash": "VkUS0kOBcUf3Wwm0TSbrevDDZ6BlM+b/HRiapRFWjM5O0NS0LviG0glKmFK+hhPDd1XFeSdU1GmlLhb2CoVpIw==",
        "dependencies": {
          "System.Runtime": "4.3.0",
          "System.Threading.Tasks": "4.3.0"
        }
      },
      "System.Threading.Tasks": {
        "type": "Transitive",
        "resolved": "4.3.0",
        "contentHash": "LbSxKEdOUhVe8BezB/9uOGGppt+nZf6e1VFyw6v3DN6lqitm0OSn2uXMOdtP0M3W4iMcqcivm2J6UgqiwwnXiA==",
        "dependencies": {
          "Microsoft.NETCore.Platforms": "1.1.0",
          "Microsoft.NETCore.Targets": "1.1.0",
          "System.Runtime": "4.3.0"
        }
      },
      "System.Threading.Tasks.Extensions": {
        "type": "Transitive",
        "resolved": "4.6.3",
        "contentHash": "7sCiwilJLYbTZELaKnc7RecBBXWXA+xMLQWZKWawBxYjp6DBlSE3v9/UcvKBvr1vv2tTOhipiogM8rRmxlhrVA==",
        "dependencies": {
          "System.Runtime.CompilerServices.Unsafe": "6.1.2"
        }
      }
    },
    ".NETStandard,Version=v2.1": {
      "CrispyWaffle": {
        "type": "Direct",
        "requested": "[10.0.788, )",
        "resolved": "10.0.788",
        "contentHash": "D8cdNhB7o9RaCRuZKt7QjaGXEbPsZiQsQF+Hfl2z72At6/88nYFjk5wfz8G+Vkh0mINczggRRfRHtJ9hkSaw2w==",
        "dependencies": {
          "Newtonsoft.Json": "13.0.3",
          "System.Security.Permissions": "9.0.9",
          "System.Text.Json": "9.0.9"
        }
      },
      "Sankhya": {
        "type": "Direct",
        "requested": "[5.0.483, )",
        "resolved": "5.0.483",
        "contentHash": "NYRgbT66eGRFYNXdLMCsgnm62DHrYNRzZpNUhgbFbGVPWjtlbRpUt5q7sxOQ0ysMk7udHM74LEKhk0OCo937rQ==",
        "dependencies": {
          "CrispyWaffle": "10.0.788",
          "CrispyWaffle.Configuration": "10.0.788",
          "Microsoft.AspNet.WebApi.Client": "6.0.0",
          "Microsoft.CSharp": "4.7.0",
          "Newtonsoft.Json": "13.0.3",
          "System.Text.RegularExpressions": "4.3.1",
          "System.Threading.Tasks.Extensions": "4.6.3"
        }
      },
      "CrispyWaffle.Configuration": {
        "type": "Transitive",
        "resolved": "10.0.788",
        "contentHash": "+YM/GIsSLVRjaLA9N0B+SsltYh8zrHD9EKCHK9rjfV6cCitLeVk/ATcQgDaW9IupJF2i2wuJtOMOCsT0G6ewcw==",
        "dependencies": {
          "CrispyWaffle": "10.0.788"
        }
      },
      "Microsoft.AspNet.WebApi.Client": {
        "type": "Transitive",
        "resolved": "6.0.0",
        "contentHash": "zXeWP03dTo67AoDHUzR+/urck0KFssdCKOC+dq7Nv1V2YbFh/nIg09L0/3wSvyRONEdwxGB/ssEGmPNIIhAcAw==",
        "dependencies": {
          "Newtonsoft.Json": "13.0.1",
          "Newtonsoft.Json.Bson": "1.0.2",
          "System.Memory": "4.5.5",
          "System.Threading.Tasks.Extensions": "4.5.4"
        }
      },
      "Microsoft.Bcl.AsyncInterfaces": {
        "type": "Transitive",
        "resolved": "9.0.9",
        "contentHash": "HVLnwIccvmsAySQM8N8q468DA/W/OddDB6deWXZDF0VPOwZ0utnm0aErfX4LnNVnsThtoPyVH0kCPPcitGcUdQ=="
      },
      "Microsoft.CSharp": {
        "type": "Transitive",
        "resolved": "4.7.0",
        "contentHash": "pTj+D3uJWyN3My70i2Hqo+OXixq3Os2D1nJ2x92FFo6sk8fYS1m1WLNTs0Dc1uPaViH0YvEEwvzddQ7y4rhXmA=="
      },
      "Microsoft.NETCore.Platforms": {
        "type": "Transitive",
        "resolved": "1.1.1",
        "contentHash": "TMBuzAHpTenGbGgk0SMTwyEkyijY/Eae4ZGsFNYJvAr/LDn1ku3Etp3FPxChmDp5HHF3kzJuoaa08N0xjqAJfQ=="
      },
      "Microsoft.NETCore.Targets": {
        "type": "Transitive",
        "resolved": "1.1.3",
        "contentHash": "3Wrmi0kJDzClwAC+iBdUBpEKmEle8FQNsCs77fkiOIw/9oYA07bL1EZNX0kQ2OMN3xpwvl0vAtOCYY3ndDNlhQ=="
      },
      "Newtonsoft.Json": {
        "type": "Transitive",
        "resolved": "13.0.3",
        "contentHash": "HrC5BXdl00IP9zeV+0Z848QWPAoCr9P3bDEZguI+gkLcBKAOxix/tLEAAHC+UvDNPv4a2d18lOReHMOagPa+zQ=="
      },
      "Newtonsoft.Json.Bson": {
        "type": "Transitive",
        "resolved": "1.0.2",
        "contentHash": "QYFyxhaABwmq3p/21VrZNYvCg3DaEoN/wUuw5nmfAf0X3HLjgupwhkEWdgfb9nvGAUIv3osmZoD3kKl4jxEmYQ==",
        "dependencies": {
          "Newtonsoft.Json": "12.0.1"
        }
      },
      "System.Buffers": {
        "type": "Transitive",
        "resolved": "4.5.1",
        "contentHash": "Rw7ijyl1qqRS0YQD/WycNst8hUUMgrMH4FCn1nNm27M4VxchZ1js3fVjQaANHO5f3sN4isvP4a+Met9Y4YomAg=="
      },
      "System.Collections": {
        "type": "Transitive",
        "resolved": "4.3.0",
        "contentHash": "3Dcj85/TBdVpL5Zr+gEEBUuFe2icOnLalmEh9hfck1PTYbbyWuZgh4fmm2ysCLTrqLQw6t3TgTyJ+VLp+Qb+Lw==",
        "dependencies": {
          "Microsoft.NETCore.Platforms": "1.1.0",
          "Microsoft.NETCore.Targets": "1.1.0",
          "System.Runtime": "4.3.0"
        }
      },
      "System.Globalization": {
        "type": "Transitive",
        "resolved": "4.3.0",
        "contentHash": "kYdVd2f2PAdFGblzFswE4hkNANJBKRmsfa2X5LG2AcWE1c7/4t0pYae1L8vfZ5xvE2nK/R9JprtToA61OSHWIg==",
        "dependencies": {
          "Microsoft.NETCore.Platforms": "1.1.0",
          "Microsoft.NETCore.Targets": "1.1.0",
          "System.Runtime": "4.3.0"
        }
      },
      "System.IO": {
        "type": "Transitive",
        "resolved": "4.3.0",
        "contentHash": "3qjaHvxQPDpSOYICjUoTsmoq5u6QJAFRUITgeT/4gqkF1bajbSmb1kwSxEA8AHlofqgcKJcM8udgieRNhaJ5Cg==",
        "dependencies": {
          "Microsoft.NETCore.Platforms": "1.1.0",
          "Microsoft.NETCore.Targets": "1.1.0",
          "System.Runtime": "4.3.0",
          "System.Text.Encoding": "4.3.0",
          "System.Threading.Tasks": "4.3.0"
        }
      },
      "System.IO.Pipelines": {
        "type": "Transitive",
        "resolved": "9.0.9",
        "contentHash": "VySjpsCLprojvat550Flrm3NQB982CPuDzILajqjQihFmrQXZPdQyktIbcpVPJyaExFYtAfY1DpwMdWQuS0kbw==",
        "dependencies": {
          "System.Buffers": "4.5.1",
          "System.Memory": "4.5.5",
          "System.Threading.Tasks.Extensions": "4.5.4"
        }
      },
      "System.Memory": {
        "type": "Transitive",
        "resolved": "4.5.5",
        "contentHash": "XIWiDvKPXaTveaB7HVganDlOCRoj03l+jrwNvcge/t8vhGYKvqV+dMv6G4SAX2NoNmN0wZfVPTAlFwZcZvVOUw==",
        "dependencies": {
          "System.Buffers": "4.5.1",
          "System.Numerics.Vectors": "4.4.0",
          "System.Runtime.CompilerServices.Unsafe": "4.5.3"
        }
      },
      "System.Numerics.Vectors": {
        "type": "Transitive",
        "resolved": "4.4.0",
        "contentHash": "UiLzLW+Lw6HLed1Hcg+8jSRttrbuXv7DANVj0DkL9g6EnnzbL75EB7EWsw5uRbhxd/4YdG8li5XizGWepmG3PQ=="
      },
      "System.Reflection": {
        "type": "Transitive",
        "resolved": "4.3.0",
        "contentHash": "KMiAFoW7MfJGa9nDFNcfu+FpEdiHpWgTcS2HdMpDvt9saK3y/G4GwprPyzqjFH9NTaGPQeWNHU+iDlDILj96aQ==",
        "dependencies": {
          "Microsoft.NETCore.Platforms": "1.1.0",
          "Microsoft.NETCore.Targets": "1.1.0",
          "System.IO": "4.3.0",
          "System.Reflection.Primitives": "4.3.0",
          "System.Runtime": "4.3.0"
        }
      },
      "System.Reflection.Primitives": {
        "type": "Transitive",
        "resolved": "4.3.0",
        "contentHash": "5RXItQz5As4xN2/YUDxdpsEkMhvw3e6aNveFXUn4Hl/udNTCNhnKp8lT9fnc3MhvGKh1baak5CovpuQUXHAlIA==",
        "dependencies": {
          "Microsoft.NETCore.Platforms": "1.1.0",
          "Microsoft.NETCore.Targets": "1.1.0",
          "System.Runtime": "4.3.0"
        }
      },
      "System.Resources.ResourceManager": {
        "type": "Transitive",
        "resolved": "4.3.0",
        "contentHash": "/zrcPkkWdZmI4F92gL/TPumP98AVDu/Wxr3CSJGQQ+XN6wbRZcyfSKVoPo17ilb3iOr0cCRqJInGwNMolqhS8A==",
        "dependencies": {
          "Microsoft.NETCore.Platforms": "1.1.0",
          "Microsoft.NETCore.Targets": "1.1.0",
          "System.Globalization": "4.3.0",
          "System.Reflection": "4.3.0",
          "System.Runtime": "4.3.0"
        }
      },
      "System.Runtime": {
        "type": "Transitive",
        "resolved": "4.3.1",
        "contentHash": "abhfv1dTK6NXOmu4bgHIONxHyEqFjW8HwXPmpY9gmll+ix9UNo4XDcmzJn6oLooftxNssVHdJC1pGT9jkSynQg==",
        "dependencies": {
          "Microsoft.NETCore.Platforms": "1.1.1",
          "Microsoft.NETCore.Targets": "1.1.3"
        }
      },
      "System.Runtime.CompilerServices.Unsafe": {
        "type": "Transitive",
        "resolved": "6.0.0",
        "contentHash": "/iUeP3tq1S0XdNNoMz5C9twLSrM/TH+qElHkXWaPvuNOt+99G75NrV0OS2EqHx5wMN7popYjpc8oTjC1y16DLg=="
      },
      "System.Runtime.Extensions": {
        "type": "Transitive",
        "resolved": "4.3.1",
        "contentHash": "qAtKMcHOAq9/zKkl0dwvF0T0pmgCQxX1rC49rJXoU8jq+lw6MC3uXy7nLFmjEI20T3Aq069eWz4LcYR64vEmJw==",
        "dependencies": {
          "Microsoft.NETCore.Platforms": "1.1.1",
          "Microsoft.NETCore.Targets": "1.1.3",
          "System.Runtime": "4.3.1"
        }
      },
      "System.Security.AccessControl": {
        "type": "Transitive",
        "resolved": "6.0.0",
        "contentHash": "AUADIc0LIEQe7MzC+I0cl0rAT8RrTAKFHl53yHjEUzNVIaUlhFY11vc2ebiVJzVBuOzun6F7FBA+8KAbGTTedQ==",
        "dependencies": {
          "System.Security.Principal.Windows": "5.0.0"
        }
      },
      "System.Security.Permissions": {
        "type": "Transitive",
        "resolved": "9.0.9",
        "contentHash": "lcR3y9wHLYK8fPMv8VsSj1/FCn2TdnN9lwQFrW+HQ8u4xJ9QMsys/xSE3+z9GCy7C11/HTsXuj4pFgLH7kQLaA==",
        "dependencies": {
          "System.Security.AccessControl": "6.0.0"
        }
      },
      "System.Security.Principal.Windows": {
        "type": "Transitive",
        "resolved": "5.0.0",
        "contentHash": "t0MGLukB5WAVU9bO3MGzvlGnyJPgUlcwerXn1kzBRjwLKixT96XV0Uza41W49gVd8zEMFu9vQEFlv0IOrytICA=="
      },
      "System.Text.Encoding": {
        "type": "Transitive",
        "resolved": "4.3.0",
        "contentHash": "BiIg+KWaSDOITze6jGQynxg64naAPtqGHBwDrLaCtixsa5bKiR8dpPOHA7ge3C0JJQizJE+sfkz1wV+BAKAYZw==",
        "dependencies": {
          "Microsoft.NETCore.Platforms": "1.1.0",
          "Microsoft.NETCore.Targets": "1.1.0",
          "System.Runtime": "4.3.0"
        }
      },
      "System.Text.Encodings.Web": {
        "type": "Transitive",
        "resolved": "9.0.9",
        "contentHash": "bzYTmAcmfelUOCBxvbgsfSr2tq94ydA2gJZAxZRcuNa0LlmlVz8JNHst6RG1qsDujyVYT4vjv06y8sCLbvCXdg==",
        "dependencies": {
          "System.Buffers": "4.5.1",
          "System.Memory": "4.5.5",
          "System.Runtime.CompilerServices.Unsafe": "6.0.0"
        }
      },
      "System.Text.Json": {
        "type": "Transitive",
        "resolved": "9.0.9",
        "contentHash": "NEnpppwq67fRz/OvQRxsEMgetDJsxlxpEsAFO/4PZYbAyAMd4Ol6KS7phc8uDoKPsnbdzRLKobpX303uQwCqdg==",
        "dependencies": {
          "Microsoft.Bcl.AsyncInterfaces": "9.0.9",
          "System.Buffers": "4.5.1",
          "System.IO.Pipelines": "9.0.9",
          "System.Memory": "4.5.5",
          "System.Runtime.CompilerServices.Unsafe": "6.0.0",
          "System.Text.Encodings.Web": "9.0.9",
          "System.Threading.Tasks.Extensions": "4.5.4"
        }
      },
      "System.Text.RegularExpressions": {
        "type": "Transitive",
        "resolved": "4.3.1",
        "contentHash": "N0kNRrWe4+nXOWlpLT4LAY5brb8caNFlUuIRpraCVMDLYutKkol1aV079rQjLuSxKMJT2SpBQsYX9xbcTMmzwg==",
        "dependencies": {
          "System.Collections": "4.3.0",
          "System.Globalization": "4.3.0",
          "System.Resources.ResourceManager": "4.3.0",
          "System.Runtime": "4.3.1",
          "System.Runtime.Extensions": "4.3.1",
          "System.Threading": "4.3.0"
        }
      },
      "System.Threading": {
        "type": "Transitive",
        "resolved": "4.3.0",
        "contentHash": "VkUS0kOBcUf3Wwm0TSbrevDDZ6BlM+b/HRiapRFWjM5O0NS0LviG0glKmFK+hhPDd1XFeSdU1GmlLhb2CoVpIw==",
        "dependencies": {
          "System.Runtime": "4.3.0",
          "System.Threading.Tasks": "4.3.0"
        }
      },
      "System.Threading.Tasks": {
        "type": "Transitive",
        "resolved": "4.3.0",
        "contentHash": "LbSxKEdOUhVe8BezB/9uOGGppt+nZf6e1VFyw6v3DN6lqitm0OSn2uXMOdtP0M3W4iMcqcivm2J6UgqiwwnXiA==",
        "dependencies": {
          "Microsoft.NETCore.Platforms": "1.1.0",
          "Microsoft.NETCore.Targets": "1.1.0",
          "System.Runtime": "4.3.0"
        }
      },
      "System.Threading.Tasks.Extensions": {
        "type": "Transitive",
        "resolved": "4.6.3",
        "contentHash": "7sCiwilJLYbTZELaKnc7RecBBXWXA+xMLQWZKWawBxYjp6DBlSE3v9/UcvKBvr1vv2tTOhipiogM8rRmxlhrVA=="
      }
    },
    "net6.0": {
      "CrispyWaffle": {
        "type": "Direct",
        "requested": "[10.0.788, )",
        "resolved": "10.0.788",
        "contentHash": "D8cdNhB7o9RaCRuZKt7QjaGXEbPsZiQsQF+Hfl2z72At6/88nYFjk5wfz8G+Vkh0mINczggRRfRHtJ9hkSaw2w==",
        "dependencies": {
          "Newtonsoft.Json": "13.0.3",
          "System.Security.Permissions": "9.0.9",
          "System.Text.Json": "9.0.9"
        }
      },
      "Sankhya": {
        "type": "Direct",
        "requested": "[5.0.483, )",
        "resolved": "5.0.483",
        "contentHash": "NYRgbT66eGRFYNXdLMCsgnm62DHrYNRzZpNUhgbFbGVPWjtlbRpUt5q7sxOQ0ysMk7udHM74LEKhk0OCo937rQ==",
        "dependencies": {
          "CrispyWaffle": "10.0.788",
          "CrispyWaffle.Configuration": "10.0.788",
          "Microsoft.AspNet.WebApi.Client": "6.0.0",
          "Microsoft.CSharp": "4.7.0",
          "Newtonsoft.Json": "13.0.3",
          "System.Text.RegularExpressions": "4.3.1",
          "System.Threading.Tasks.Extensions": "4.6.3"
        }
      },
      "CrispyWaffle.Configuration": {
        "type": "Transitive",
        "resolved": "10.0.788",
        "contentHash": "+YM/GIsSLVRjaLA9N0B+SsltYh8zrHD9EKCHK9rjfV6cCitLeVk/ATcQgDaW9IupJF2i2wuJtOMOCsT0G6ewcw==",
        "dependencies": {
          "CrispyWaffle": "10.0.788"
        }
      },
      "Microsoft.AspNet.WebApi.Client": {
        "type": "Transitive",
        "resolved": "6.0.0",
        "contentHash": "zXeWP03dTo67AoDHUzR+/urck0KFssdCKOC+dq7Nv1V2YbFh/nIg09L0/3wSvyRONEdwxGB/ssEGmPNIIhAcAw==",
        "dependencies": {
          "Newtonsoft.Json": "13.0.1",
          "Newtonsoft.Json.Bson": "1.0.2",
          "System.Memory": "4.5.5",
          "System.Threading.Tasks.Extensions": "4.5.4"
        }
      },
      "Microsoft.Bcl.AsyncInterfaces": {
        "type": "Transitive",
        "resolved": "9.0.9",
        "contentHash": "HVLnwIccvmsAySQM8N8q468DA/W/OddDB6deWXZDF0VPOwZ0utnm0aErfX4LnNVnsThtoPyVH0kCPPcitGcUdQ=="
      },
      "Microsoft.CSharp": {
        "type": "Transitive",
        "resolved": "4.7.0",
        "contentHash": "pTj+D3uJWyN3My70i2Hqo+OXixq3Os2D1nJ2x92FFo6sk8fYS1m1WLNTs0Dc1uPaViH0YvEEwvzddQ7y4rhXmA=="
      },
      "Microsoft.NETCore.Platforms": {
        "type": "Transitive",
        "resolved": "1.1.1",
        "contentHash": "TMBuzAHpTenGbGgk0SMTwyEkyijY/Eae4ZGsFNYJvAr/LDn1ku3Etp3FPxChmDp5HHF3kzJuoaa08N0xjqAJfQ=="
      },
      "Microsoft.NETCore.Targets": {
        "type": "Transitive",
        "resolved": "1.1.3",
        "contentHash": "3Wrmi0kJDzClwAC+iBdUBpEKmEle8FQNsCs77fkiOIw/9oYA07bL1EZNX0kQ2OMN3xpwvl0vAtOCYY3ndDNlhQ=="
      },
      "Newtonsoft.Json": {
        "type": "Transitive",
        "resolved": "13.0.3",
        "contentHash": "HrC5BXdl00IP9zeV+0Z848QWPAoCr9P3bDEZguI+gkLcBKAOxix/tLEAAHC+UvDNPv4a2d18lOReHMOagPa+zQ=="
      },
      "Newtonsoft.Json.Bson": {
        "type": "Transitive",
        "resolved": "1.0.2",
        "contentHash": "QYFyxhaABwmq3p/21VrZNYvCg3DaEoN/wUuw5nmfAf0X3HLjgupwhkEWdgfb9nvGAUIv3osmZoD3kKl4jxEmYQ==",
        "dependencies": {
          "Newtonsoft.Json": "12.0.1"
        }
      },
      "System.Buffers": {
        "type": "Transitive",
        "resolved": "4.5.1",
        "contentHash": "Rw7ijyl1qqRS0YQD/WycNst8hUUMgrMH4FCn1nNm27M4VxchZ1js3fVjQaANHO5f3sN4isvP4a+Met9Y4YomAg=="
      },
      "System.IO.Pipelines": {
        "type": "Transitive",
        "resolved": "9.0.9",
        "contentHash": "VySjpsCLprojvat550Flrm3NQB982CPuDzILajqjQihFmrQXZPdQyktIbcpVPJyaExFYtAfY1DpwMdWQuS0kbw==",
        "dependencies": {
          "System.Buffers": "4.5.1",
          "System.Memory": "4.5.5",
          "System.Threading.Tasks.Extensions": "4.5.4"
        }
      },
      "System.Memory": {
        "type": "Transitive",
        "resolved": "4.5.5",
        "contentHash": "XIWiDvKPXaTveaB7HVganDlOCRoj03l+jrwNvcge/t8vhGYKvqV+dMv6G4SAX2NoNmN0wZfVPTAlFwZcZvVOUw=="
      },
      "System.Runtime": {
        "type": "Transitive",
        "resolved": "4.3.1",
        "contentHash": "abhfv1dTK6NXOmu4bgHIONxHyEqFjW8HwXPmpY9gmll+ix9UNo4XDcmzJn6oLooftxNssVHdJC1pGT9jkSynQg==",
        "dependencies": {
          "Microsoft.NETCore.Platforms": "1.1.1",
          "Microsoft.NETCore.Targets": "1.1.3"
        }
      },
      "System.Runtime.CompilerServices.Unsafe": {
        "type": "Transitive",
        "resolved": "6.0.0",
        "contentHash": "/iUeP3tq1S0XdNNoMz5C9twLSrM/TH+qElHkXWaPvuNOt+99G75NrV0OS2EqHx5wMN7popYjpc8oTjC1y16DLg=="
      },
      "System.Security.AccessControl": {
        "type": "Transitive",
        "resolved": "6.0.0",
        "contentHash": "AUADIc0LIEQe7MzC+I0cl0rAT8RrTAKFHl53yHjEUzNVIaUlhFY11vc2ebiVJzVBuOzun6F7FBA+8KAbGTTedQ=="
      },
      "System.Security.Permissions": {
        "type": "Transitive",
        "resolved": "9.0.9",
        "contentHash": "lcR3y9wHLYK8fPMv8VsSj1/FCn2TdnN9lwQFrW+HQ8u4xJ9QMsys/xSE3+z9GCy7C11/HTsXuj4pFgLH7kQLaA==",
        "dependencies": {
          "System.Security.AccessControl": "6.0.0"
        }
      },
      "System.Text.Encodings.Web": {
        "type": "Transitive",
        "resolved": "9.0.9",
        "contentHash": "bzYTmAcmfelUOCBxvbgsfSr2tq94ydA2gJZAxZRcuNa0LlmlVz8JNHst6RG1qsDujyVYT4vjv06y8sCLbvCXdg==",
        "dependencies": {
          "System.Buffers": "4.5.1",
          "System.Memory": "4.5.5",
          "System.Runtime.CompilerServices.Unsafe": "6.0.0"
        }
      },
      "System.Text.Json": {
        "type": "Transitive",
        "resolved": "9.0.9",
        "contentHash": "NEnpppwq67fRz/OvQRxsEMgetDJsxlxpEsAFO/4PZYbAyAMd4Ol6KS7phc8uDoKPsnbdzRLKobpX303uQwCqdg==",
        "dependencies": {
          "Microsoft.Bcl.AsyncInterfaces": "9.0.9",
          "System.Buffers": "4.5.1",
          "System.IO.Pipelines": "9.0.9",
          "System.Memory": "4.5.5",
          "System.Runtime.CompilerServices.Unsafe": "6.0.0",
          "System.Text.Encodings.Web": "9.0.9",
          "System.Threading.Tasks.Extensions": "4.5.4"
        }
      },
      "System.Text.RegularExpressions": {
        "type": "Transitive",
        "resolved": "4.3.1",
        "contentHash": "N0kNRrWe4+nXOWlpLT4LAY5brb8caNFlUuIRpraCVMDLYutKkol1aV079rQjLuSxKMJT2SpBQsYX9xbcTMmzwg==",
        "dependencies": {
          "System.Runtime": "4.3.1"
        }
      },
      "System.Threading.Tasks.Extensions": {
        "type": "Transitive",
        "resolved": "4.6.3",
        "contentHash": "7sCiwilJLYbTZELaKnc7RecBBXWXA+xMLQWZKWawBxYjp6DBlSE3v9/UcvKBvr1vv2tTOhipiogM8rRmxlhrVA=="
      }
    },
    "net8.0": {
      "CrispyWaffle": {
        "type": "Direct",
        "requested": "[10.0.788, )",
        "resolved": "10.0.788",
        "contentHash": "D8cdNhB7o9RaCRuZKt7QjaGXEbPsZiQsQF+Hfl2z72At6/88nYFjk5wfz8G+Vkh0mINczggRRfRHtJ9hkSaw2w==",
        "dependencies": {
          "Newtonsoft.Json": "13.0.3",
          "System.Security.Permissions": "9.0.9",
          "System.Text.Json": "9.0.9"
        }
      },
      "Sankhya": {
        "type": "Direct",
        "requested": "[5.0.483, )",
        "resolved": "5.0.483",
        "contentHash": "NYRgbT66eGRFYNXdLMCsgnm62DHrYNRzZpNUhgbFbGVPWjtlbRpUt5q7sxOQ0ysMk7udHM74LEKhk0OCo937rQ==",
        "dependencies": {
          "CrispyWaffle": "10.0.788",
          "CrispyWaffle.Configuration": "10.0.788",
          "Microsoft.AspNet.WebApi.Client": "6.0.0",
          "Microsoft.CSharp": "4.7.0",
          "Newtonsoft.Json": "13.0.3",
          "System.Text.RegularExpressions": "4.3.1",
          "System.Threading.Tasks.Extensions": "4.6.3"
        }
      },
      "CrispyWaffle.Configuration": {
        "type": "Transitive",
        "resolved": "10.0.788",
        "contentHash": "+YM/GIsSLVRjaLA9N0B+SsltYh8zrHD9EKCHK9rjfV6cCitLeVk/ATcQgDaW9IupJF2i2wuJtOMOCsT0G6ewcw==",
        "dependencies": {
          "CrispyWaffle": "10.0.788"
        }
      },
      "Microsoft.AspNet.WebApi.Client": {
        "type": "Transitive",
        "resolved": "6.0.0",
        "contentHash": "zXeWP03dTo67AoDHUzR+/urck0KFssdCKOC+dq7Nv1V2YbFh/nIg09L0/3wSvyRONEdwxGB/ssEGmPNIIhAcAw==",
        "dependencies": {
          "Newtonsoft.Json": "13.0.1",
          "Newtonsoft.Json.Bson": "1.0.2",
          "System.Memory": "4.5.5",
          "System.Threading.Tasks.Extensions": "4.5.4"
        }
      },
      "Microsoft.CSharp": {
        "type": "Transitive",
        "resolved": "4.7.0",
        "contentHash": "pTj+D3uJWyN3My70i2Hqo+OXixq3Os2D1nJ2x92FFo6sk8fYS1m1WLNTs0Dc1uPaViH0YvEEwvzddQ7y4rhXmA=="
      },
      "Microsoft.NETCore.Platforms": {
        "type": "Transitive",
        "resolved": "1.1.1",
        "contentHash": "TMBuzAHpTenGbGgk0SMTwyEkyijY/Eae4ZGsFNYJvAr/LDn1ku3Etp3FPxChmDp5HHF3kzJuoaa08N0xjqAJfQ=="
      },
      "Microsoft.NETCore.Targets": {
        "type": "Transitive",
        "resolved": "1.1.3",
        "contentHash": "3Wrmi0kJDzClwAC+iBdUBpEKmEle8FQNsCs77fkiOIw/9oYA07bL1EZNX0kQ2OMN3xpwvl0vAtOCYY3ndDNlhQ=="
      },
      "Newtonsoft.Json": {
        "type": "Transitive",
        "resolved": "13.0.3",
        "contentHash": "HrC5BXdl00IP9zeV+0Z848QWPAoCr9P3bDEZguI+gkLcBKAOxix/tLEAAHC+UvDNPv4a2d18lOReHMOagPa+zQ=="
      },
      "Newtonsoft.Json.Bson": {
        "type": "Transitive",
        "resolved": "1.0.2",
        "contentHash": "QYFyxhaABwmq3p/21VrZNYvCg3DaEoN/wUuw5nmfAf0X3HLjgupwhkEWdgfb9nvGAUIv3osmZoD3kKl4jxEmYQ==",
        "dependencies": {
          "Newtonsoft.Json": "12.0.1"
        }
      },
      "System.IO.Pipelines": {
        "type": "Transitive",
        "resolved": "9.0.9",
        "contentHash": "VySjpsCLprojvat550Flrm3NQB982CPuDzILajqjQihFmrQXZPdQyktIbcpVPJyaExFYtAfY1DpwMdWQuS0kbw=="
      },
      "System.Memory": {
        "type": "Transitive",
        "resolved": "4.5.5",
        "contentHash": "XIWiDvKPXaTveaB7HVganDlOCRoj03l+jrwNvcge/t8vhGYKvqV+dMv6G4SAX2NoNmN0wZfVPTAlFwZcZvVOUw=="
      },
      "System.Runtime": {
        "type": "Transitive",
        "resolved": "4.3.1",
        "contentHash": "abhfv1dTK6NXOmu4bgHIONxHyEqFjW8HwXPmpY9gmll+ix9UNo4XDcmzJn6oLooftxNssVHdJC1pGT9jkSynQg==",
        "dependencies": {
          "Microsoft.NETCore.Platforms": "1.1.1",
          "Microsoft.NETCore.Targets": "1.1.3"
        }
      },
      "System.Security.Permissions": {
        "type": "Transitive",
        "resolved": "9.0.9",
        "contentHash": "lcR3y9wHLYK8fPMv8VsSj1/FCn2TdnN9lwQFrW+HQ8u4xJ9QMsys/xSE3+z9GCy7C11/HTsXuj4pFgLH7kQLaA==",
        "dependencies": {
          "System.Windows.Extensions": "9.0.9"
        }
      },
      "System.Text.Encodings.Web": {
        "type": "Transitive",
        "resolved": "9.0.9",
        "contentHash": "bzYTmAcmfelUOCBxvbgsfSr2tq94ydA2gJZAxZRcuNa0LlmlVz8JNHst6RG1qsDujyVYT4vjv06y8sCLbvCXdg=="
      },
      "System.Text.Json": {
        "type": "Transitive",
        "resolved": "9.0.9",
        "contentHash": "NEnpppwq67fRz/OvQRxsEMgetDJsxlxpEsAFO/4PZYbAyAMd4Ol6KS7phc8uDoKPsnbdzRLKobpX303uQwCqdg==",
        "dependencies": {
          "System.IO.Pipelines": "9.0.9",
          "System.Text.Encodings.Web": "9.0.9"
        }
      },
      "System.Text.RegularExpressions": {
        "type": "Transitive",
        "resolved": "4.3.1",
        "contentHash": "N0kNRrWe4+nXOWlpLT4LAY5brb8caNFlUuIRpraCVMDLYutKkol1aV079rQjLuSxKMJT2SpBQsYX9xbcTMmzwg==",
        "dependencies": {
          "System.Runtime": "4.3.1"
        }
      },
      "System.Threading.Tasks.Extensions": {
        "type": "Transitive",
        "resolved": "4.6.3",
        "contentHash": "7sCiwilJLYbTZELaKnc7RecBBXWXA+xMLQWZKWawBxYjp6DBlSE3v9/UcvKBvr1vv2tTOhipiogM8rRmxlhrVA=="
      },
      "System.Windows.Extensions": {
        "type": "Transitive",
        "resolved": "9.0.9",
        "contentHash": "9MXFp+CvnpqGSRx6FGlKHX5ztHmBi5BoZBnn1/p+NJ1qTLhkTnuszJ3jTOiydSE1y2XIKRLqmZEjiyCGBDrWkw=="
      }
    }
  }
}