{
  "version": 1,
  "dependencies": {
    "net8.0": {
      "CrispyWaffle": {
        "type": "Direct",
        "requested": "[10.0.1111, )",
        "resolved": "10.0.1111",
        "contentHash": "ofVSxIkPNA/oodLs+SNmEM2TdhLmeUv3DxhlT4i1beeajjbxyKZl7MwKRyqsUWwHNzKG9Sge8jbmQDPStGJtrQ==",
        "dependencies": {
          "Newtonsoft.Json": "13.0.4",
          "System.Security.Permissions": "10.0.0",
          "System.Text.Json": "10.0.0"
        }
      },
      "Sankhya": {
        "type": "Direct",
        "requested": "[5.0.655, )",
        "resolved": "5.0.655",
        "contentHash": "IOWE8rBH/mmuY85wtIS2sqVgYVherWo4mleL/IB2Akaj1mj0vd+R6hHJRuFAHoBCG6t5r9fC353Xr0iC2LWRYw==",
        "dependencies": {
          "CrispyWaffle": "10.0.1098",
          "CrispyWaffle.Configuration": "10.0.1098",
          "Microsoft.AspNet.WebApi.Client": "6.0.0",
          "Microsoft.CSharp": "4.7.0",
          "Newtonsoft.Json": "13.0.4",
          "System.Text.RegularExpressions": "4.3.1",
          "System.Threading.Tasks.Extensions": "4.6.3"
        }
      },
      "CrispyWaffle.Configuration": {
        "type": "Transitive",
        "resolved": "10.0.1098",
        "contentHash": "5FtckLOhxpIX23VmEaPnMgxliRljE8VxnCXK8rgoUf8Vx+7Q8MkBFPhTImdVRr0lqjL/KFJDdci/bAYC7hcm/g==",
        "dependencies": {
          "CrispyWaffle": "10.0.1098"
        }
      },
      "Microsoft.AspNet.WebApi.Client": {
        "type": "Transitive",
        "resolved": "6.0.0",
        "contentHash": "zXeWP03dTo67AoDHUzR+/urck0KFssdCKOC+dq7Nv1V2YbFh/nIg09L0/3wSvyRONEdwxGB/ssEGmPNIIhAcAw==",
        "dependencies": {
          "Newtonsoft.Json": "13.0.1",
          "Newtonsoft.Json.Bson": "1.0.2",
          "System.Memory": "4.5.5",
          "System.Threading.Tasks.Extensions": "4.5.4"
        }
      },
      "Microsoft.CSharp": {
        "type": "Transitive",
        "resolved": "4.7.0",
        "contentHash": "pTj+D3uJWyN3My70i2Hqo+OXixq3Os2D1nJ2x92FFo6sk8fYS1m1WLNTs0Dc1uPaViH0YvEEwvzddQ7y4rhXmA=="
      },
      "Microsoft.NETCore.Platforms": {
        "type": "Transitive",
        "resolved": "1.1.1",
        "contentHash": "TMBuzAHpTenGbGgk0SMTwyEkyijY/Eae4ZGsFNYJvAr/LDn1ku3Etp3FPxChmDp5HHF3kzJuoaa08N0xjqAJfQ=="
      },
      "Microsoft.NETCore.Targets": {
        "type": "Transitive",
        "resolved": "1.1.3",
        "contentHash": "3Wrmi0kJDzClwAC+iBdUBpEKmEle8FQNsCs77fkiOIw/9oYA07bL1EZNX0kQ2OMN3xpwvl0vAtOCYY3ndDNlhQ=="
      },
      "Newtonsoft.Json": {
        "type": "Transitive",
        "resolved": "13.0.4",
        "contentHash": "pdgNNMai3zv51W5aq268sujXUyx7SNdE2bj1wZcWjAQrKMFZV260lbqYop1d2GM67JI1huLRwxo9ZqnfF/lC6A=="
      },
      "Newtonsoft.Json.Bson": {
        "type": "Transitive",
        "resolved": "1.0.2",
        "contentHash": "QYFyxhaABwmq3p/21VrZNYvCg3DaEoN/wUuw5nmfAf0X3HLjgupwhkEWdgfb9nvGAUIv3osmZoD3kKl4jxEmYQ==",
        "dependencies": {
          "Newtonsoft.Json": "12.0.1"
        }
      },
      "System.IO.Pipelines": {
        "type": "Transitive",
        "resolved": "10.0.0",
        "contentHash": "M1eb3nfXntaRJPrrMVM9EFS8I1bDTnt0uvUS6QP/SicZf/ZZjydMD5NiXxfmwW/uQwaMDP/yX2P+zQN1NBHChg=="
      },
      "System.Memory": {
        "type": "Transitive",
        "resolved": "4.5.5",
        "contentHash": "XIWiDvKPXaTveaB7HVganDlOCRoj03l+jrwNvcge/t8vhGYKvqV+dMv6G4SAX2NoNmN0wZfVPTAlFwZcZvVOUw=="
      },
      "System.Runtime": {
        "type": "Transitive",
        "resolved": "4.3.1",
        "contentHash": "abhfv1dTK6NXOmu4bgHIONxHyEqFjW8HwXPmpY9gmll+ix9UNo4XDcmzJn6oLooftxNssVHdJC1pGT9jkSynQg==",
        "dependencies": {
          "Microsoft.NETCore.Platforms": "1.1.1",
          "Microsoft.NETCore.Targets": "1.1.3"
        }
      },
      "System.Security.Permissions": {
        "type": "Transitive",
        "resolved": "10.0.0",
        "contentHash": "phfAYbiBkzdAF9ps7rJ8PQ3h52uY4xOnBs6Wern+ljdz3Fq3YIUezZDQIXl6+p8sbotkzltvESq+7PglxlEyuw==",
        "dependencies": {
          "System.Windows.Extensions": "10.0.0"
        }
      },
      "System.Text.Encodings.Web": {
        "type": "Transitive",
        "resolved": "10.0.0",
        "contentHash": "257hh1ep1Gqm1Lm0ulxf7vVBVMJuGN6EL4xSWjpi46DffXzm1058IiWsfSC06zSm7SniN+Tb5160UnXsSa8rRg=="
      },
      "System.Text.Json": {
        "type": "Transitive",
        "resolved": "10.0.0",
        "contentHash": "1Dpjwq9peG/Wt5BNbrzIhTpclfOSqBWZsUO28vVr59yQlkvL5jLBWfpfzRmJ1OY+6DciaY0DUcltyzs4fuZHjw==",
        "dependencies": {
          "System.IO.Pipelines": "10.0.0",
          "System.Text.Encodings.Web": "10.0.0"
        }
      },
      "System.Text.RegularExpressions": {
        "type": "Transitive",
        "resolved": "4.3.1",
        "contentHash": "N0kNRrWe4+nXOWlpLT4LAY5brb8caNFlUuIRpraCVMDLYutKkol1aV079rQjLuSxKMJT2SpBQsYX9xbcTMmzwg==",
        "dependencies": {
          "System.Runtime": "4.3.1"
        }
      },
      "System.Threading.Tasks.Extensions": {
        "type": "Transitive",
        "resolved": "4.6.3",
        "contentHash": "7sCiwilJLYbTZELaKnc7RecBBXWXA+xMLQWZKWawBxYjp6DBlSE3v9/UcvKBvr1vv2tTOhipiogM8rRmxlhrVA=="
      },
      "System.Windows.Extensions": {
        "type": "Transitive",
        "resolved": "10.0.0",
        "contentHash": "W2xPfgCUO83kPEtfkSsXpHT9KX4YiajDgtuJhjfOY18u58vMGyoBG44QIQCs2nTugmzsm506S/ur29k1WpE9+w=="
      }
    }
  }
}